
Microsoft Visual Studio Solution File, Format Version 12.00
# Visual Studio Version 17
VisualStudioVersion = 17.9.34607.119
MinimumVisualStudioVersion = 10.0.40219.1
Project("{9A19103F-16F7-4668-BE54-9A1E7A4F7556}") = "_build", "build\_build.csproj", "{31D5C875-27D6-460B-AD34-7CCD984A69DD}"
EndProject
Global
	GlobalSection(SolutionConfigurationPlatforms) = preSolution
		Debug|Any CPU = Debug|Any CPU
		Release|Any CPU = Release|Any CPU
	EndGlobalSection
	GlobalSection(ProjectConfigurationPlatforms) = postSolution
		{31D5C875-27D6-460B-AD34-7CCD984A69DD}.Debug|Any CPU.ActiveCfg = Debug|Any CPU
		{31D5C875-27D6-460B-AD34-7CCD984A69DD}.Debug|Any CPU.Build.0 = Debug|Any CPU
		{31D5C875-27D6-460B-AD34-7CCD984A69DD}.Release|Any CPU.ActiveCfg = Release|Any CPU
		{31D5C875-27D6-460B-AD34-7CCD984A69DD}.Release|Any CPU.Build.0 = Release|Any CPU
	EndGlobalSection
	GlobalSection(SolutionProperties) = preSolution
		HideSolutionNode = FALSE
	EndGlobalSection
	GlobalSection(ExtensibilityGlobals) = postSolution
		SolutionGuid = {5D3E4460-FF5C-4D38-BBE5-8A51D08F2C29}
	EndGlobalSection
EndGlobal
