
Microsoft Visual Studio Solution File, Format Version 12.00
# Visual Studio Version 17
VisualStudioVersion = 17.4.33122.133
MinimumVisualStudioVersion = 10.0.40219.1
Project("{2150E333-8FDC-42A3-9474-1A3956D46DE8}") = "app", "app", "{C85D2D7C-3D69-482A-8AB6-BCA934220EC0}"
EndProject
Project("{2150E333-8FDC-42A3-9474-1A3956D46DE8}") = "dev", "dev", "{B20E4027-0777-4A75-A848-609594E9A6B0}"
	ProjectSection(SolutionItems) = preProject
		app\dev\Directory.Build.props = app\dev\Directory.Build.props
		app\dev\Directory.Build.targets = app\dev\Directory.Build.targets
	EndProjectSection
EndProject
Project("{2150E333-8FDC-42A3-9474-1A3956D46DE8}") = "tests", "tests", "{4C40BF47-315A-4B60-9ED6-8D65B5E79C2C}"
EndProject
Project("{2150E333-8FDC-42A3-9474-1A3956D46DE8}") = "platforms", "platforms", "{3D2285D5-0E44-4B1A-9B74-2BBE3108D5B7}"
EndProject
Project("{2150E333-8FDC-42A3-9474-1A3956D46DE8}") = "shared", "shared", "{9771D1F8-D331-4B26-8E96-6024893009F4}"
	ProjectSection(SolutionItems) = preProject
		app\dev\shared\GlobalUsings.cs = app\dev\shared\GlobalUsings.cs
		app\dev\shared\LinkerConfig.xml = app\dev\shared\LinkerConfig.xml
		app\dev\shared\SharedAssemblyInfo.cs = app\dev\shared\SharedAssemblyInfo.cs
		app\dev\shared\SharedAssemblyVersion.cs = app\dev\shared\SharedAssemblyVersion.cs
	EndProjectSection
EndProject
Project("{2150E333-8FDC-42A3-9474-1A3956D46DE8}") = "Solution Items", "Solution Items", "{97141F3A-C655-4140-B09B-466DDC14F870}"
	ProjectSection(SolutionItems) = preProject
		.editorconfig = .editorconfig
		Directory.Build.props = Directory.Build.props
		Directory.Build.targets = Directory.Build.targets
		Directory.Packages.props = Directory.Packages.props
		Environment.props = Environment.props
	EndProjectSection
EndProject
Project("{2150E333-8FDC-42A3-9474-1A3956D46DE8}") = "desktops", "desktops", "{22EE9386-CEFA-47D8-97B2-09A63EDF7F2E}"
	ProjectSection(SolutionItems) = preProject
		app\dev\platforms\desktop\Directory.Build.props = app\dev\platforms\desktop\Directory.Build.props
		app\dev\platforms\desktop\Directory.Build.targets = app\dev\platforms\desktop\Directory.Build.targets
	EndProjectSection
EndProject
Project("{9A19103F-16F7-4668-BE54-9A1E7A4F7556}") = "DevToys.CLI", "app\dev\platforms\desktop\DevToys.CLI\DevToys.CLI.csproj", "{8C72D38A-658D-4C9D-B0AD-2DA975BE7826}"
EndProject
Project("{9A19103F-16F7-4668-BE54-9A1E7A4F7556}") = "DevToys.Api", "app\dev\DevToys.Api\DevToys.Api.csproj", "{89A4D88F-5AC0-436A-8EC5-8E98728CA89E}"
EndProject
Project("{9A19103F-16F7-4668-BE54-9A1E7A4F7556}") = "DevToys.UnitTests", "app\tests\DevToys.UnitTests\DevToys.UnitTests.csproj", "{CCAB7530-4341-4C24-B4E8-28679BB6C4FB}"
EndProject
Project("{9A19103F-16F7-4668-BE54-9A1E7A4F7556}") = "DevToys.Core", "app\dev\DevToys.Core\DevToys.Core.csproj", "{A730FA8A-3713-4F7A-915D-79098CA12DF0}"
EndProject
Project("{2150E333-8FDC-42A3-9474-1A3956D46DE8}") = "generators", "generators", "{1713A47C-7BCA-4240-8CD6-7A047E377801}"
EndProject
Project("{9A19103F-16F7-4668-BE54-9A1E7A4F7556}") = "ResxHelperGenerator", "generators\ResxHelperGenerator\ResxHelperGenerator.csproj", "{F404CCE2-597A-485A-B70A-C119E5CC12ED}"
EndProject
Project("{9A19103F-16F7-4668-BE54-9A1E7A4F7556}") = "DevToys.Localization", "app\dev\DevToys.Localization\DevToys.Localization.csproj", "{A3ABEA5E-48FB-45D5-98D4-042D3DEA53E7}"
	ProjectSection(ProjectDependencies) = postProject
		{F404CCE2-597A-485A-B70A-C119E5CC12ED} = {F404CCE2-597A-485A-B70A-C119E5CC12ED}
	EndProjectSection
EndProject
Project("{9A19103F-16F7-4668-BE54-9A1E7A4F7556}") = "DevToys.Business", "app\dev\DevToys.Business\DevToys.Business.csproj", "{AC565EE5-BF5F-4D14-8F40-DFB3E06D9724}"
EndProject
Project("{9A19103F-16F7-4668-BE54-9A1E7A4F7556}") = "DevToys.MacOS", "app\dev\platforms\desktop\DevToys.MacOS\DevToys.MacOS.csproj", "{2EBD314E-B862-41B8-AB9E-F6371EB50666}"
EndProject
Project("{9A19103F-16F7-4668-BE54-9A1E7A4F7556}") = "DevToys.Blazor", "app\dev\DevToys.Blazor\DevToys.Blazor.csproj", "{608B24BF-8491-4167-932F-9CF23C97FDEE}"
EndProject
Global
	GlobalSection(SolutionConfigurationPlatforms) = preSolution
		Debug|AnyCPU = Debug|AnyCPU
		Release|AnyCPU = Release|AnyCPU
	EndGlobalSection
	GlobalSection(ProjectConfigurationPlatforms) = postSolution
		{8C72D38A-658D-4C9D-B0AD-2DA975BE7826}.Debug|AnyCPU.ActiveCfg = Debug|AnyCPU
		{8C72D38A-658D-4C9D-B0AD-2DA975BE7826}.Debug|AnyCPU.Build.0 = Debug|AnyCPU
		{8C72D38A-658D-4C9D-B0AD-2DA975BE7826}.Release|AnyCPU.ActiveCfg = Release|AnyCPU
		{8C72D38A-658D-4C9D-B0AD-2DA975BE7826}.Release|AnyCPU.Build.0 = Release|AnyCPU
		{89A4D88F-5AC0-436A-8EC5-8E98728CA89E}.Debug|AnyCPU.ActiveCfg = Debug|AnyCPU
		{89A4D88F-5AC0-436A-8EC5-8E98728CA89E}.Debug|AnyCPU.Build.0 = Debug|AnyCPU
		{89A4D88F-5AC0-436A-8EC5-8E98728CA89E}.Release|AnyCPU.ActiveCfg = Release|AnyCPU
		{89A4D88F-5AC0-436A-8EC5-8E98728CA89E}.Release|AnyCPU.Build.0 = Release|AnyCPU
		{CCAB7530-4341-4C24-B4E8-28679BB6C4FB}.Debug|AnyCPU.ActiveCfg = Debug|AnyCPU
		{CCAB7530-4341-4C24-B4E8-28679BB6C4FB}.Debug|AnyCPU.Build.0 = Debug|AnyCPU
		{CCAB7530-4341-4C24-B4E8-28679BB6C4FB}.Release|AnyCPU.ActiveCfg = Release|AnyCPU
		{CCAB7530-4341-4C24-B4E8-28679BB6C4FB}.Release|AnyCPU.Build.0 = Release|AnyCPU
		{A730FA8A-3713-4F7A-915D-79098CA12DF0}.Debug|AnyCPU.ActiveCfg = Debug|AnyCPU
		{A730FA8A-3713-4F7A-915D-79098CA12DF0}.Debug|AnyCPU.Build.0 = Debug|AnyCPU
		{A730FA8A-3713-4F7A-915D-79098CA12DF0}.Release|AnyCPU.ActiveCfg = Release|AnyCPU
		{A730FA8A-3713-4F7A-915D-79098CA12DF0}.Release|AnyCPU.Build.0 = Release|AnyCPU
		{F404CCE2-597A-485A-B70A-C119E5CC12ED}.Debug|AnyCPU.ActiveCfg = Debug|AnyCPU
		{F404CCE2-597A-485A-B70A-C119E5CC12ED}.Debug|AnyCPU.Build.0 = Debug|AnyCPU
		{F404CCE2-597A-485A-B70A-C119E5CC12ED}.Release|AnyCPU.ActiveCfg = Release|AnyCPU
		{F404CCE2-597A-485A-B70A-C119E5CC12ED}.Release|AnyCPU.Build.0 = Release|AnyCPU
		{A3ABEA5E-48FB-45D5-98D4-042D3DEA53E7}.Debug|AnyCPU.ActiveCfg = Debug|AnyCPU
		{A3ABEA5E-48FB-45D5-98D4-042D3DEA53E7}.Debug|AnyCPU.Build.0 = Debug|AnyCPU
		{A3ABEA5E-48FB-45D5-98D4-042D3DEA53E7}.Release|AnyCPU.ActiveCfg = Release|AnyCPU
		{A3ABEA5E-48FB-45D5-98D4-042D3DEA53E7}.Release|AnyCPU.Build.0 = Release|AnyCPU
		{AC565EE5-BF5F-4D14-8F40-DFB3E06D9724}.Debug|AnyCPU.ActiveCfg = Debug|AnyCPU
		{AC565EE5-BF5F-4D14-8F40-DFB3E06D9724}.Debug|AnyCPU.Build.0 = Debug|AnyCPU
		{AC565EE5-BF5F-4D14-8F40-DFB3E06D9724}.Release|AnyCPU.ActiveCfg = Release|AnyCPU
		{AC565EE5-BF5F-4D14-8F40-DFB3E06D9724}.Release|AnyCPU.Build.0 = Release|AnyCPU
		{2EBD314E-B862-41B8-AB9E-F6371EB50666}.Debug|AnyCPU.ActiveCfg = Debug|AnyCPU
		{2EBD314E-B862-41B8-AB9E-F6371EB50666}.Debug|AnyCPU.Build.0 = Debug|AnyCPU
		{2EBD314E-B862-41B8-AB9E-F6371EB50666}.Release|AnyCPU.ActiveCfg = Release|AnyCPU
		{2EBD314E-B862-41B8-AB9E-F6371EB50666}.Release|AnyCPU.Build.0 = Release|AnyCPU
		{608B24BF-8491-4167-932F-9CF23C97FDEE}.Debug|AnyCPU.ActiveCfg = Debug|AnyCPU
		{608B24BF-8491-4167-932F-9CF23C97FDEE}.Debug|AnyCPU.Build.0 = Debug|AnyCPU
		{608B24BF-8491-4167-932F-9CF23C97FDEE}.Release|AnyCPU.ActiveCfg = Release|AnyCPU
		{608B24BF-8491-4167-932F-9CF23C97FDEE}.Release|AnyCPU.Build.0 = Release|AnyCPU
	EndGlobalSection
	GlobalSection(SolutionProperties) = preSolution
		HideSolutionNode = FALSE
	EndGlobalSection
	GlobalSection(NestedProjects) = preSolution
		{B20E4027-0777-4A75-A848-609594E9A6B0} = {C85D2D7C-3D69-482A-8AB6-BCA934220EC0}
		{4C40BF47-315A-4B60-9ED6-8D65B5E79C2C} = {C85D2D7C-3D69-482A-8AB6-BCA934220EC0}
		{3D2285D5-0E44-4B1A-9B74-2BBE3108D5B7} = {B20E4027-0777-4A75-A848-609594E9A6B0}
		{9771D1F8-D331-4B26-8E96-6024893009F4} = {B20E4027-0777-4A75-A848-609594E9A6B0}
		{22EE9386-CEFA-47D8-97B2-09A63EDF7F2E} = {3D2285D5-0E44-4B1A-9B74-2BBE3108D5B7}
		{8C72D38A-658D-4C9D-B0AD-2DA975BE7826} = {22EE9386-CEFA-47D8-97B2-09A63EDF7F2E}
		{89A4D88F-5AC0-436A-8EC5-8E98728CA89E} = {B20E4027-0777-4A75-A848-609594E9A6B0}
		{CCAB7530-4341-4C24-B4E8-28679BB6C4FB} = {4C40BF47-315A-4B60-9ED6-8D65B5E79C2C}
		{A730FA8A-3713-4F7A-915D-79098CA12DF0} = {B20E4027-0777-4A75-A848-609594E9A6B0}
		{F404CCE2-597A-485A-B70A-C119E5CC12ED} = {1713A47C-7BCA-4240-8CD6-7A047E377801}
		{A3ABEA5E-48FB-45D5-98D4-042D3DEA53E7} = {B20E4027-0777-4A75-A848-609594E9A6B0}
		{AC565EE5-BF5F-4D14-8F40-DFB3E06D9724} = {B20E4027-0777-4A75-A848-609594E9A6B0}
		{2EBD314E-B862-41B8-AB9E-F6371EB50666} = {22EE9386-CEFA-47D8-97B2-09A63EDF7F2E}
		{608B24BF-8491-4167-932F-9CF23C97FDEE} = {B20E4027-0777-4A75-A848-609594E9A6B0}
	EndGlobalSection
	GlobalSection(ExtensibilityGlobals) = postSolution
		SolutionGuid = {C2C953F5-F97F-4198-B15C-4947A886050F}
	EndGlobalSection
EndGlobal
