
Microsoft Visual Studio Solution File, Format Version 12.00
# Visual Studio Version 16
VisualStudioVersion = 16.0.31624.102
MinimumVisualStudioVersion = 10.0.40219.1
Project("{2150E333-8FDC-42A3-9474-1A3956D46DE8}") = "dev", "dev", "{2C2B8C64-7BA1-4244-86E1-48CA7D85D7D9}"
EndProject
Project("{2150E333-8FDC-42A3-9474-1A3956D46DE8}") = "tests", "tests", "{F8A9E843-7AC1-414A-8F27-A8F416D2D489}"
EndProject
Project("{2150E333-8FDC-42A3-9474-1A3956D46DE8}") = "startup", "startup", "{93B72B9C-08BA-4838-9163-3ED67EC3EB9F}"
EndProject
Project("{C7167F0D-BC9F-4E6E-AFE1-012C56B48DB5}") = "DevTools.Startup", "dev\startup\DevTools.Startup\DevTools.Startup.wapproj", "{361DB7BC-BE7B-41A2-A29A-978A9E3B4AA7}"
EndProject
Project("{FAE04EC0-301F-11D3-BF4B-00C04F79EFBC}") = "DevTools", "dev\startup\DevTools\DevTools.csproj", "{E3E4E200-B380-4207-9A7E-4C9421904502}"
EndProject
Project("{2150E333-8FDC-42A3-9474-1A3956D46DE8}") = "Solution Items", "Solution Items", "{B4C026E3-9BBF-434B-A14D-712C6A3731E4}"
	ProjectSection(SolutionItems) = preProject
		Directory.Build.props = Directory.Build.props
		Directory.Build.targets = Directory.Build.targets
		..\README.md = ..\README.md
	EndProjectSection
EndProject
Project("{2150E333-8FDC-42A3-9474-1A3956D46DE8}") = "def", "def", "{A2C92FF9-1D2E-47C6-8D7D-975412F7F36E}"
EndProject
Project("{2150E333-8FDC-42A3-9474-1A3956D46DE8}") = "impl", "impl", "{AC0D0928-8390-4929-801E-A9923DBB369F}"
EndProject
Project("{2150E333-8FDC-42A3-9474-1A3956D46DE8}") = "shared", "shared", "{EE2227BC-954E-4053-AE38-4AE7A391AEEA}"
	ProjectSection(SolutionItems) = preProject
		dev\shared\SharedAssemblyInfo.cs = dev\shared\SharedAssemblyInfo.cs
	EndProjectSection
EndProject
Project("{9A19103F-16F7-4668-BE54-9A1E7A4F7556}") = "DevTools.Core", "dev\def\DevTools.Core\DevTools.Core.csproj", "{EF6A6707-44F2-4E76-98B8-11C9B40ADC7E}"
EndProject
Project("{9A19103F-16F7-4668-BE54-9A1E7A4F7556}") = "DevTools.Providers", "dev\def\DevTools.Providers\DevTools.Providers.csproj", "{ADA9988B-E19B-4EE5-9162-DAB3B12BCF9E}"
EndProject
Project("{FAE04EC0-301F-11D3-BF4B-00C04F79EFBC}") = "DevTools.Core.Impl", "dev\impl\DevTools.Core.Impl\DevTools.Core.Impl.csproj", "{98274C08-4636-45EE-95AF-2C069BFBABD4}"
EndProject
Project("{FAE04EC0-301F-11D3-BF4B-00C04F79EFBC}") = "DevTools.Providers.Impl", "dev\impl\DevTools.Providers.Impl\DevTools.Providers.Impl.csproj", "{8621ED11-E9DD-480A-BE2B-C1DB00919B6F}"
EndProject
Project("{FAE04EC0-301F-11D3-BF4B-00C04F79EFBC}") = "DevTools.Common", "dev\impl\DevTools.Common\DevTools.Common.csproj", "{935D5DF8-C400-4CA6-AABE-34A06A69AF85}"
EndProject
Project("{FAE04EC0-301F-11D3-BF4B-00C04F79EFBC}") = "DevTools.Impl", "dev\impl\DevTools.Impl\DevTools.Impl.csproj", "{E2F0C303-04FC-4504-A272-7662AF9A0A80}"
EndProject
Project("{FAE04EC0-301F-11D3-BF4B-00C04F79EFBC}") = "DevTools.Tests", "tests\DevTools.Tests\DevTools.Tests.csproj", "{E1C4AB49-CFFF-420E-A182-E3028BD0493C}"
EndProject
Global
	GlobalSection(SolutionConfigurationPlatforms) = preSolution
		Debug|ARM = Debug|ARM
		Debug|ARM64 = Debug|ARM64
		Debug|x64 = Debug|x64
		Debug|x86 = Debug|x86
		Release|ARM = Release|ARM
		Release|ARM64 = Release|ARM64
		Release|x64 = Release|x64
		Release|x86 = Release|x86
	EndGlobalSection
	GlobalSection(ProjectConfigurationPlatforms) = postSolution
		{361DB7BC-BE7B-41A2-A29A-978A9E3B4AA7}.Debug|ARM.ActiveCfg = Debug|ARM
		{361DB7BC-BE7B-41A2-A29A-978A9E3B4AA7}.Debug|ARM.Build.0 = Debug|ARM
		{361DB7BC-BE7B-41A2-A29A-978A9E3B4AA7}.Debug|ARM.Deploy.0 = Debug|ARM
		{361DB7BC-BE7B-41A2-A29A-978A9E3B4AA7}.Debug|ARM64.ActiveCfg = Debug|ARM64
		{361DB7BC-BE7B-41A2-A29A-978A9E3B4AA7}.Debug|ARM64.Build.0 = Debug|ARM64
		{361DB7BC-BE7B-41A2-A29A-978A9E3B4AA7}.Debug|ARM64.Deploy.0 = Debug|ARM64
		{361DB7BC-BE7B-41A2-A29A-978A9E3B4AA7}.Debug|x64.ActiveCfg = Debug|x64
		{361DB7BC-BE7B-41A2-A29A-978A9E3B4AA7}.Debug|x64.Build.0 = Debug|x64
		{361DB7BC-BE7B-41A2-A29A-978A9E3B4AA7}.Debug|x64.Deploy.0 = Debug|x64
		{361DB7BC-BE7B-41A2-A29A-978A9E3B4AA7}.Debug|x86.ActiveCfg = Debug|x86
		{361DB7BC-BE7B-41A2-A29A-978A9E3B4AA7}.Debug|x86.Build.0 = Debug|x86
		{361DB7BC-BE7B-41A2-A29A-978A9E3B4AA7}.Debug|x86.Deploy.0 = Debug|x86
		{361DB7BC-BE7B-41A2-A29A-978A9E3B4AA7}.Release|ARM.ActiveCfg = Release|ARM
		{361DB7BC-BE7B-41A2-A29A-978A9E3B4AA7}.Release|ARM.Build.0 = Release|ARM
		{361DB7BC-BE7B-41A2-A29A-978A9E3B4AA7}.Release|ARM.Deploy.0 = Release|ARM
		{361DB7BC-BE7B-41A2-A29A-978A9E3B4AA7}.Release|ARM64.ActiveCfg = Release|ARM64
		{361DB7BC-BE7B-41A2-A29A-978A9E3B4AA7}.Release|ARM64.Build.0 = Release|ARM64
		{361DB7BC-BE7B-41A2-A29A-978A9E3B4AA7}.Release|ARM64.Deploy.0 = Release|ARM64
		{361DB7BC-BE7B-41A2-A29A-978A9E3B4AA7}.Release|x64.ActiveCfg = Release|x64
		{361DB7BC-BE7B-41A2-A29A-978A9E3B4AA7}.Release|x64.Build.0 = Release|x64
		{361DB7BC-BE7B-41A2-A29A-978A9E3B4AA7}.Release|x64.Deploy.0 = Release|x64
		{361DB7BC-BE7B-41A2-A29A-978A9E3B4AA7}.Release|x86.ActiveCfg = Release|x86
		{361DB7BC-BE7B-41A2-A29A-978A9E3B4AA7}.Release|x86.Build.0 = Release|x86
		{361DB7BC-BE7B-41A2-A29A-978A9E3B4AA7}.Release|x86.Deploy.0 = Release|x86
		{E3E4E200-B380-4207-9A7E-4C9421904502}.Debug|ARM.ActiveCfg = Debug|ARM
		{E3E4E200-B380-4207-9A7E-4C9421904502}.Debug|ARM.Build.0 = Debug|ARM
		{E3E4E200-B380-4207-9A7E-4C9421904502}.Debug|ARM64.ActiveCfg = Debug|ARM64
		{E3E4E200-B380-4207-9A7E-4C9421904502}.Debug|ARM64.Build.0 = Debug|ARM64
		{E3E4E200-B380-4207-9A7E-4C9421904502}.Debug|x64.ActiveCfg = Debug|x64
		{E3E4E200-B380-4207-9A7E-4C9421904502}.Debug|x64.Build.0 = Debug|x64
		{E3E4E200-B380-4207-9A7E-4C9421904502}.Debug|x86.ActiveCfg = Debug|x86
		{E3E4E200-B380-4207-9A7E-4C9421904502}.Debug|x86.Build.0 = Debug|x86
		{E3E4E200-B380-4207-9A7E-4C9421904502}.Release|ARM.ActiveCfg = Release|ARM
		{E3E4E200-B380-4207-9A7E-4C9421904502}.Release|ARM.Build.0 = Release|ARM
		{E3E4E200-B380-4207-9A7E-4C9421904502}.Release|ARM64.ActiveCfg = Release|ARM64
		{E3E4E200-B380-4207-9A7E-4C9421904502}.Release|ARM64.Build.0 = Release|ARM64
		{E3E4E200-B380-4207-9A7E-4C9421904502}.Release|x64.ActiveCfg = Release|x64
		{E3E4E200-B380-4207-9A7E-4C9421904502}.Release|x64.Build.0 = Release|x64
		{E3E4E200-B380-4207-9A7E-4C9421904502}.Release|x86.ActiveCfg = Release|x86
		{E3E4E200-B380-4207-9A7E-4C9421904502}.Release|x86.Build.0 = Release|x86
		{EF6A6707-44F2-4E76-98B8-11C9B40ADC7E}.Debug|ARM.ActiveCfg = Debug|Any CPU
		{EF6A6707-44F2-4E76-98B8-11C9B40ADC7E}.Debug|ARM.Build.0 = Debug|Any CPU
		{EF6A6707-44F2-4E76-98B8-11C9B40ADC7E}.Debug|ARM64.ActiveCfg = Debug|Any CPU
		{EF6A6707-44F2-4E76-98B8-11C9B40ADC7E}.Debug|ARM64.Build.0 = Debug|Any CPU
		{EF6A6707-44F2-4E76-98B8-11C9B40ADC7E}.Debug|x64.ActiveCfg = Debug|Any CPU
		{EF6A6707-44F2-4E76-98B8-11C9B40ADC7E}.Debug|x64.Build.0 = Debug|Any CPU
		{EF6A6707-44F2-4E76-98B8-11C9B40ADC7E}.Debug|x86.ActiveCfg = Debug|Any CPU
		{EF6A6707-44F2-4E76-98B8-11C9B40ADC7E}.Debug|x86.Build.0 = Debug|Any CPU
		{EF6A6707-44F2-4E76-98B8-11C9B40ADC7E}.Release|ARM.ActiveCfg = Release|Any CPU
		{EF6A6707-44F2-4E76-98B8-11C9B40ADC7E}.Release|ARM.Build.0 = Release|Any CPU
		{EF6A6707-44F2-4E76-98B8-11C9B40ADC7E}.Release|ARM64.ActiveCfg = Release|Any CPU
		{EF6A6707-44F2-4E76-98B8-11C9B40ADC7E}.Release|ARM64.Build.0 = Release|Any CPU
		{EF6A6707-44F2-4E76-98B8-11C9B40ADC7E}.Release|x64.ActiveCfg = Release|Any CPU
		{EF6A6707-44F2-4E76-98B8-11C9B40ADC7E}.Release|x64.Build.0 = Release|Any CPU
		{EF6A6707-44F2-4E76-98B8-11C9B40ADC7E}.Release|x86.ActiveCfg = Release|Any CPU
		{EF6A6707-44F2-4E76-98B8-11C9B40ADC7E}.Release|x86.Build.0 = Release|Any CPU
		{ADA9988B-E19B-4EE5-9162-DAB3B12BCF9E}.Debug|ARM.ActiveCfg = Debug|Any CPU
		{ADA9988B-E19B-4EE5-9162-DAB3B12BCF9E}.Debug|ARM.Build.0 = Debug|Any CPU
		{ADA9988B-E19B-4EE5-9162-DAB3B12BCF9E}.Debug|ARM64.ActiveCfg = Debug|Any CPU
		{ADA9988B-E19B-4EE5-9162-DAB3B12BCF9E}.Debug|ARM64.Build.0 = Debug|Any CPU
		{ADA9988B-E19B-4EE5-9162-DAB3B12BCF9E}.Debug|x64.ActiveCfg = Debug|Any CPU
		{ADA9988B-E19B-4EE5-9162-DAB3B12BCF9E}.Debug|x64.Build.0 = Debug|Any CPU
		{ADA9988B-E19B-4EE5-9162-DAB3B12BCF9E}.Debug|x86.ActiveCfg = Debug|Any CPU
		{ADA9988B-E19B-4EE5-9162-DAB3B12BCF9E}.Debug|x86.Build.0 = Debug|Any CPU
		{ADA9988B-E19B-4EE5-9162-DAB3B12BCF9E}.Release|ARM.ActiveCfg = Release|Any CPU
		{ADA9988B-E19B-4EE5-9162-DAB3B12BCF9E}.Release|ARM.Build.0 = Release|Any CPU
		{ADA9988B-E19B-4EE5-9162-DAB3B12BCF9E}.Release|ARM64.ActiveCfg = Release|Any CPU
		{ADA9988B-E19B-4EE5-9162-DAB3B12BCF9E}.Release|ARM64.Build.0 = Release|Any CPU
		{ADA9988B-E19B-4EE5-9162-DAB3B12BCF9E}.Release|x64.ActiveCfg = Release|Any CPU
		{ADA9988B-E19B-4EE5-9162-DAB3B12BCF9E}.Release|x64.Build.0 = Release|Any CPU
		{ADA9988B-E19B-4EE5-9162-DAB3B12BCF9E}.Release|x86.ActiveCfg = Release|Any CPU
		{ADA9988B-E19B-4EE5-9162-DAB3B12BCF9E}.Release|x86.Build.0 = Release|Any CPU
		{98274C08-4636-45EE-95AF-2C069BFBABD4}.Debug|ARM.ActiveCfg = Debug|ARM
		{98274C08-4636-45EE-95AF-2C069BFBABD4}.Debug|ARM.Build.0 = Debug|ARM
		{98274C08-4636-45EE-95AF-2C069BFBABD4}.Debug|ARM64.ActiveCfg = Debug|ARM64
		{98274C08-4636-45EE-95AF-2C069BFBABD4}.Debug|ARM64.Build.0 = Debug|ARM64
		{98274C08-4636-45EE-95AF-2C069BFBABD4}.Debug|x64.ActiveCfg = Debug|x64
		{98274C08-4636-45EE-95AF-2C069BFBABD4}.Debug|x64.Build.0 = Debug|x64
		{98274C08-4636-45EE-95AF-2C069BFBABD4}.Debug|x86.ActiveCfg = Debug|x86
		{98274C08-4636-45EE-95AF-2C069BFBABD4}.Debug|x86.Build.0 = Debug|x86
		{98274C08-4636-45EE-95AF-2C069BFBABD4}.Release|ARM.ActiveCfg = Release|ARM
		{98274C08-4636-45EE-95AF-2C069BFBABD4}.Release|ARM.Build.0 = Release|ARM
		{98274C08-4636-45EE-95AF-2C069BFBABD4}.Release|ARM64.ActiveCfg = Release|ARM64
		{98274C08-4636-45EE-95AF-2C069BFBABD4}.Release|ARM64.Build.0 = Release|ARM64
		{98274C08-4636-45EE-95AF-2C069BFBABD4}.Release|x64.ActiveCfg = Release|x64
		{98274C08-4636-45EE-95AF-2C069BFBABD4}.Release|x64.Build.0 = Release|x64
		{98274C08-4636-45EE-95AF-2C069BFBABD4}.Release|x86.ActiveCfg = Release|x86
		{98274C08-4636-45EE-95AF-2C069BFBABD4}.Release|x86.Build.0 = Release|x86
		{8621ED11-E9DD-480A-BE2B-C1DB00919B6F}.Debug|ARM.ActiveCfg = Debug|ARM
		{8621ED11-E9DD-480A-BE2B-C1DB00919B6F}.Debug|ARM.Build.0 = Debug|ARM
		{8621ED11-E9DD-480A-BE2B-C1DB00919B6F}.Debug|ARM64.ActiveCfg = Debug|ARM64
		{8621ED11-E9DD-480A-BE2B-C1DB00919B6F}.Debug|ARM64.Build.0 = Debug|ARM64
		{8621ED11-E9DD-480A-BE2B-C1DB00919B6F}.Debug|x64.ActiveCfg = Debug|x64
		{8621ED11-E9DD-480A-BE2B-C1DB00919B6F}.Debug|x64.Build.0 = Debug|x64
		{8621ED11-E9DD-480A-BE2B-C1DB00919B6F}.Debug|x86.ActiveCfg = Debug|x86
		{8621ED11-E9DD-480A-BE2B-C1DB00919B6F}.Debug|x86.Build.0 = Debug|x86
		{8621ED11-E9DD-480A-BE2B-C1DB00919B6F}.Release|ARM.ActiveCfg = Release|ARM
		{8621ED11-E9DD-480A-BE2B-C1DB00919B6F}.Release|ARM.Build.0 = Release|ARM
		{8621ED11-E9DD-480A-BE2B-C1DB00919B6F}.Release|ARM64.ActiveCfg = Release|ARM64
		{8621ED11-E9DD-480A-BE2B-C1DB00919B6F}.Release|ARM64.Build.0 = Release|ARM64
		{8621ED11-E9DD-480A-BE2B-C1DB00919B6F}.Release|x64.ActiveCfg = Release|x64
		{8621ED11-E9DD-480A-BE2B-C1DB00919B6F}.Release|x64.Build.0 = Release|x64
		{8621ED11-E9DD-480A-BE2B-C1DB00919B6F}.Release|x86.ActiveCfg = Release|x86
		{8621ED11-E9DD-480A-BE2B-C1DB00919B6F}.Release|x86.Build.0 = Release|x86
		{935D5DF8-C400-4CA6-AABE-34A06A69AF85}.Debug|ARM.ActiveCfg = Debug|ARM
		{935D5DF8-C400-4CA6-AABE-34A06A69AF85}.Debug|ARM.Build.0 = Debug|ARM
		{935D5DF8-C400-4CA6-AABE-34A06A69AF85}.Debug|ARM64.ActiveCfg = Debug|ARM64
		{935D5DF8-C400-4CA6-AABE-34A06A69AF85}.Debug|ARM64.Build.0 = Debug|ARM64
		{935D5DF8-C400-4CA6-AABE-34A06A69AF85}.Debug|x64.ActiveCfg = Debug|x64
		{935D5DF8-C400-4CA6-AABE-34A06A69AF85}.Debug|x64.Build.0 = Debug|x64
		{935D5DF8-C400-4CA6-AABE-34A06A69AF85}.Debug|x86.ActiveCfg = Debug|x86
		{935D5DF8-C400-4CA6-AABE-34A06A69AF85}.Debug|x86.Build.0 = Debug|x86
		{935D5DF8-C400-4CA6-AABE-34A06A69AF85}.Release|ARM.ActiveCfg = Release|ARM
		{935D5DF8-C400-4CA6-AABE-34A06A69AF85}.Release|ARM.Build.0 = Release|ARM
		{935D5DF8-C400-4CA6-AABE-34A06A69AF85}.Release|ARM64.ActiveCfg = Release|ARM64
		{935D5DF8-C400-4CA6-AABE-34A06A69AF85}.Release|ARM64.Build.0 = Release|ARM64
		{935D5DF8-C400-4CA6-AABE-34A06A69AF85}.Release|x64.ActiveCfg = Release|x64
		{935D5DF8-C400-4CA6-AABE-34A06A69AF85}.Release|x64.Build.0 = Release|x64
		{935D5DF8-C400-4CA6-AABE-34A06A69AF85}.Release|x86.ActiveCfg = Release|x86
		{935D5DF8-C400-4CA6-AABE-34A06A69AF85}.Release|x86.Build.0 = Release|x86
		{E2F0C303-04FC-4504-A272-7662AF9A0A80}.Debug|ARM.ActiveCfg = Debug|ARM
		{E2F0C303-04FC-4504-A272-7662AF9A0A80}.Debug|ARM.Build.0 = Debug|ARM
		{E2F0C303-04FC-4504-A272-7662AF9A0A80}.Debug|ARM64.ActiveCfg = Debug|ARM64
		{E2F0C303-04FC-4504-A272-7662AF9A0A80}.Debug|ARM64.Build.0 = Debug|ARM64
		{E2F0C303-04FC-4504-A272-7662AF9A0A80}.Debug|x64.ActiveCfg = Debug|x64
		{E2F0C303-04FC-4504-A272-7662AF9A0A80}.Debug|x64.Build.0 = Debug|x64
		{E2F0C303-04FC-4504-A272-7662AF9A0A80}.Debug|x86.ActiveCfg = Debug|x86
		{E2F0C303-04FC-4504-A272-7662AF9A0A80}.Debug|x86.Build.0 = Debug|x86
		{E2F0C303-04FC-4504-A272-7662AF9A0A80}.Release|ARM.ActiveCfg = Release|ARM
		{E2F0C303-04FC-4504-A272-7662AF9A0A80}.Release|ARM.Build.0 = Release|ARM
		{E2F0C303-04FC-4504-A272-7662AF9A0A80}.Release|ARM64.ActiveCfg = Release|ARM64
		{E2F0C303-04FC-4504-A272-7662AF9A0A80}.Release|ARM64.Build.0 = Release|ARM64
		{E2F0C303-04FC-4504-A272-7662AF9A0A80}.Release|x64.ActiveCfg = Release|x64
		{E2F0C303-04FC-4504-A272-7662AF9A0A80}.Release|x64.Build.0 = Release|x64
		{E2F0C303-04FC-4504-A272-7662AF9A0A80}.Release|x86.ActiveCfg = Release|x86
		{E2F0C303-04FC-4504-A272-7662AF9A0A80}.Release|x86.Build.0 = Release|x86
		{E1C4AB49-CFFF-420E-A182-E3028BD0493C}.Debug|ARM.ActiveCfg = Debug|ARM
		{E1C4AB49-CFFF-420E-A182-E3028BD0493C}.Debug|ARM.Build.0 = Debug|ARM
		{E1C4AB49-CFFF-420E-A182-E3028BD0493C}.Debug|ARM.Deploy.0 = Debug|ARM
		{E1C4AB49-CFFF-420E-A182-E3028BD0493C}.Debug|ARM64.ActiveCfg = Debug|ARM64
		{E1C4AB49-CFFF-420E-A182-E3028BD0493C}.Debug|ARM64.Build.0 = Debug|ARM64
		{E1C4AB49-CFFF-420E-A182-E3028BD0493C}.Debug|ARM64.Deploy.0 = Debug|ARM64
		{E1C4AB49-CFFF-420E-A182-E3028BD0493C}.Debug|x64.ActiveCfg = Debug|x64
		{E1C4AB49-CFFF-420E-A182-E3028BD0493C}.Debug|x64.Build.0 = Debug|x64
		{E1C4AB49-CFFF-420E-A182-E3028BD0493C}.Debug|x64.Deploy.0 = Debug|x64
		{E1C4AB49-CFFF-420E-A182-E3028BD0493C}.Debug|x86.ActiveCfg = Debug|x86
		{E1C4AB49-CFFF-420E-A182-E3028BD0493C}.Debug|x86.Build.0 = Debug|x86
		{E1C4AB49-CFFF-420E-A182-E3028BD0493C}.Debug|x86.Deploy.0 = Debug|x86
		{E1C4AB49-CFFF-420E-A182-E3028BD0493C}.Release|ARM.ActiveCfg = Release|ARM
		{E1C4AB49-CFFF-420E-A182-E3028BD0493C}.Release|ARM.Build.0 = Release|ARM
		{E1C4AB49-CFFF-420E-A182-E3028BD0493C}.Release|ARM.Deploy.0 = Release|ARM
		{E1C4AB49-CFFF-420E-A182-E3028BD0493C}.Release|ARM64.ActiveCfg = Release|ARM64
		{E1C4AB49-CFFF-420E-A182-E3028BD0493C}.Release|ARM64.Build.0 = Release|ARM64
		{E1C4AB49-CFFF-420E-A182-E3028BD0493C}.Release|ARM64.Deploy.0 = Release|ARM64
		{E1C4AB49-CFFF-420E-A182-E3028BD0493C}.Release|x64.ActiveCfg = Release|x64
		{E1C4AB49-CFFF-420E-A182-E3028BD0493C}.Release|x64.Build.0 = Release|x64
		{E1C4AB49-CFFF-420E-A182-E3028BD0493C}.Release|x64.Deploy.0 = Release|x64
		{E1C4AB49-CFFF-420E-A182-E3028BD0493C}.Release|x86.ActiveCfg = Release|x86
		{E1C4AB49-CFFF-420E-A182-E3028BD0493C}.Release|x86.Build.0 = Release|x86
		{E1C4AB49-CFFF-420E-A182-E3028BD0493C}.Release|x86.Deploy.0 = Release|x86
	EndGlobalSection
	GlobalSection(SolutionProperties) = preSolution
		HideSolutionNode = FALSE
	EndGlobalSection
	GlobalSection(NestedProjects) = preSolution
		{93B72B9C-08BA-4838-9163-3ED67EC3EB9F} = {2C2B8C64-7BA1-4244-86E1-48CA7D85D7D9}
		{361DB7BC-BE7B-41A2-A29A-978A9E3B4AA7} = {93B72B9C-08BA-4838-9163-3ED67EC3EB9F}
		{E3E4E200-B380-4207-9A7E-4C9421904502} = {93B72B9C-08BA-4838-9163-3ED67EC3EB9F}
		{A2C92FF9-1D2E-47C6-8D7D-975412F7F36E} = {2C2B8C64-7BA1-4244-86E1-48CA7D85D7D9}
		{AC0D0928-8390-4929-801E-A9923DBB369F} = {2C2B8C64-7BA1-4244-86E1-48CA7D85D7D9}
		{EE2227BC-954E-4053-AE38-4AE7A391AEEA} = {2C2B8C64-7BA1-4244-86E1-48CA7D85D7D9}
		{EF6A6707-44F2-4E76-98B8-11C9B40ADC7E} = {A2C92FF9-1D2E-47C6-8D7D-975412F7F36E}
		{ADA9988B-E19B-4EE5-9162-DAB3B12BCF9E} = {A2C92FF9-1D2E-47C6-8D7D-975412F7F36E}
		{98274C08-4636-45EE-95AF-2C069BFBABD4} = {AC0D0928-8390-4929-801E-A9923DBB369F}
		{8621ED11-E9DD-480A-BE2B-C1DB00919B6F} = {AC0D0928-8390-4929-801E-A9923DBB369F}
		{935D5DF8-C400-4CA6-AABE-34A06A69AF85} = {AC0D0928-8390-4929-801E-A9923DBB369F}
		{E2F0C303-04FC-4504-A272-7662AF9A0A80} = {AC0D0928-8390-4929-801E-A9923DBB369F}
		{E1C4AB49-CFFF-420E-A182-E3028BD0493C} = {F8A9E843-7AC1-414A-8F27-A8F416D2D489}
	EndGlobalSection
	GlobalSection(ExtensibilityGlobals) = postSolution
		SolutionGuid = {78B10789-385B-4F7D-8E06-D86143CD76B5}
	EndGlobalSection
EndGlobal
