
Microsoft Visual Studio Solution File, Format Version 12.00
# Visual Studio Version 17
VisualStudioVersion = 17.0.31903.59
MinimumVisualStudioVersion = 10.0.40219.1
Project("{2150E333-8FDC-42A3-9474-1A3956D46DE8}") = "dev", "dev", "{2C2B8C64-7BA1-4244-86E1-48CA7D85D7D9}"
	ProjectSection(SolutionItems) = preProject
		dev\Directory.Build.props = dev\Directory.Build.props
	EndProjectSection
EndProject
Project("{2150E333-8FDC-42A3-9474-1A3956D46DE8}") = "tests", "tests", "{F8A9E843-7AC1-414A-8F27-A8F416D2D489}"
EndProject
Project("{2150E333-8FDC-42A3-9474-1A3956D46DE8}") = "impl", "impl", "{93B72B9C-08BA-4838-9163-3ED67EC3EB9F}"
	ProjectSection(SolutionItems) = preProject
		dev\impl\Directory.Build.props = dev\impl\Directory.Build.props
		dev\impl\Directory.Build.targets = dev\impl\Directory.Build.targets
	EndProjectSection
EndProject
Project("{C7167F0D-BC9F-4E6E-AFE1-012C56B48DB5}") = "DevToys.Startup", "dev\DevToys.Startup\DevToys.Startup.wapproj", "{361DB7BC-BE7B-41A2-A29A-978A9E3B4AA7}"
EndProject
Project("{FAE04EC0-301F-11D3-BF4B-00C04F79EFBC}") = "DevToys", "dev\impl\DevToys\DevToys.csproj", "{E3E4E200-B380-4207-9A7E-4C9421904502}"
EndProject
Project("{2150E333-8FDC-42A3-9474-1A3956D46DE8}") = "Solution Items", "Solution Items", "{B4C026E3-9BBF-434B-A14D-712C6A3731E4}"
	ProjectSection(SolutionItems) = preProject
		.editorconfig = .editorconfig
		..\.vsconfig = ..\.vsconfig
		..\CONTRIBUTING.md = ..\CONTRIBUTING.md
		Directory.Build.props = Directory.Build.props
		..\LICENSE.md = ..\LICENSE.md
		..\PRIVACY-POLICY.md = ..\PRIVACY-POLICY.md
		..\README.md = ..\README.md
		..\THIRD-PARTY-NOTICES.md = ..\THIRD-PARTY-NOTICES.md
	EndProjectSection
EndProject
Project("{2150E333-8FDC-42A3-9474-1A3956D46DE8}") = "shared", "shared", "{EE2227BC-954E-4053-AE38-4AE7A391AEEA}"
	ProjectSection(SolutionItems) = preProject
		dev\shared\SharedAssemblyInfo.cs = dev\shared\SharedAssemblyInfo.cs
	EndProjectSection
EndProject
Project("{FAE04EC0-301F-11D3-BF4B-00C04F79EFBC}") = "DevToys.Tests", "tests\DevToys.Tests\DevToys.Tests.csproj", "{E1C4AB49-CFFF-420E-A182-E3028BD0493C}"
EndProject
Project("{FAE04EC0-301F-11D3-BF4B-00C04F79EFBC}") = "DevToys.MonacoEditor", "dev\impl\DevToys.MonacoEditor\DevToys.MonacoEditor.csproj", "{0FE678BB-9F9B-4495-B777-F9B1E11DA20C}"
EndProject
Project("{9A19103F-16F7-4668-BE54-9A1E7A4F7556}") = "DevToys.OutOfProcService", "dev\impl\DevToys.OutOfProcService\DevToys.OutOfProcService.csproj", "{61AAE058-5FB6-43C2-BFD2-7B5D8128EF58}"
EndProject
Project("{9A19103F-16F7-4668-BE54-9A1E7A4F7556}") = "DevToys.Shared", "dev\shared\DevToys.Shared\DevToys.Shared.csproj", "{CCBCAEFE-B245-413A-9C37-A21CE99EECB9}"
EndProject
Global
	GlobalSection(SolutionConfigurationPlatforms) = preSolution
		Debug|ARM = Debug|ARM
		Debug|ARM64 = Debug|ARM64
		Debug|x64 = Debug|x64
		Debug|x86 = Debug|x86
		Release|ARM = Release|ARM
		Release|ARM64 = Release|ARM64
		Release|x64 = Release|x64
		Release|x86 = Release|x86
	EndGlobalSection
	GlobalSection(ProjectConfigurationPlatforms) = postSolution
		{361DB7BC-BE7B-41A2-A29A-978A9E3B4AA7}.Debug|ARM.ActiveCfg = Debug|ARM
		{361DB7BC-BE7B-41A2-A29A-978A9E3B4AA7}.Debug|ARM.Build.0 = Debug|ARM
		{361DB7BC-BE7B-41A2-A29A-978A9E3B4AA7}.Debug|ARM.Deploy.0 = Debug|ARM
		{361DB7BC-BE7B-41A2-A29A-978A9E3B4AA7}.Debug|ARM64.ActiveCfg = Debug|x86
		{361DB7BC-BE7B-41A2-A29A-978A9E3B4AA7}.Debug|ARM64.Build.0 = Debug|x86
		{361DB7BC-BE7B-41A2-A29A-978A9E3B4AA7}.Debug|ARM64.Deploy.0 = Debug|x86
		{361DB7BC-BE7B-41A2-A29A-978A9E3B4AA7}.Debug|x64.ActiveCfg = Debug|x64
		{361DB7BC-BE7B-41A2-A29A-978A9E3B4AA7}.Debug|x64.Build.0 = Debug|x64
		{361DB7BC-BE7B-41A2-A29A-978A9E3B4AA7}.Debug|x64.Deploy.0 = Debug|x64
		{361DB7BC-BE7B-41A2-A29A-978A9E3B4AA7}.Debug|x86.ActiveCfg = Debug|x86
		{361DB7BC-BE7B-41A2-A29A-978A9E3B4AA7}.Debug|x86.Build.0 = Debug|x86
		{361DB7BC-BE7B-41A2-A29A-978A9E3B4AA7}.Debug|x86.Deploy.0 = Debug|x86
		{361DB7BC-BE7B-41A2-A29A-978A9E3B4AA7}.Release|ARM.ActiveCfg = Release|ARM
		{361DB7BC-BE7B-41A2-A29A-978A9E3B4AA7}.Release|ARM.Build.0 = Release|ARM
		{361DB7BC-BE7B-41A2-A29A-978A9E3B4AA7}.Release|ARM.Deploy.0 = Release|ARM
		{361DB7BC-BE7B-41A2-A29A-978A9E3B4AA7}.Release|ARM64.ActiveCfg = Release|x86
		{361DB7BC-BE7B-41A2-A29A-978A9E3B4AA7}.Release|ARM64.Build.0 = Release|x86
		{361DB7BC-BE7B-41A2-A29A-978A9E3B4AA7}.Release|ARM64.Deploy.0 = Release|x86
		{361DB7BC-BE7B-41A2-A29A-978A9E3B4AA7}.Release|x64.ActiveCfg = Release|x64
		{361DB7BC-BE7B-41A2-A29A-978A9E3B4AA7}.Release|x64.Build.0 = Release|x64
		{361DB7BC-BE7B-41A2-A29A-978A9E3B4AA7}.Release|x64.Deploy.0 = Release|x64
		{361DB7BC-BE7B-41A2-A29A-978A9E3B4AA7}.Release|x86.ActiveCfg = Release|x86
		{361DB7BC-BE7B-41A2-A29A-978A9E3B4AA7}.Release|x86.Build.0 = Release|x86
		{361DB7BC-BE7B-41A2-A29A-978A9E3B4AA7}.Release|x86.Deploy.0 = Release|x86
		{E3E4E200-B380-4207-9A7E-4C9421904502}.Debug|ARM.ActiveCfg = Debug|ARM
		{E3E4E200-B380-4207-9A7E-4C9421904502}.Debug|ARM.Build.0 = Debug|ARM
		{E3E4E200-B380-4207-9A7E-4C9421904502}.Debug|ARM64.ActiveCfg = Debug|x86
		{E3E4E200-B380-4207-9A7E-4C9421904502}.Debug|ARM64.Build.0 = Debug|x86
		{E3E4E200-B380-4207-9A7E-4C9421904502}.Debug|x64.ActiveCfg = Debug|x64
		{E3E4E200-B380-4207-9A7E-4C9421904502}.Debug|x64.Build.0 = Debug|x64
		{E3E4E200-B380-4207-9A7E-4C9421904502}.Debug|x86.ActiveCfg = Debug|x86
		{E3E4E200-B380-4207-9A7E-4C9421904502}.Debug|x86.Build.0 = Debug|x86
		{E3E4E200-B380-4207-9A7E-4C9421904502}.Release|ARM.ActiveCfg = Release|ARM
		{E3E4E200-B380-4207-9A7E-4C9421904502}.Release|ARM.Build.0 = Release|ARM
		{E3E4E200-B380-4207-9A7E-4C9421904502}.Release|ARM64.ActiveCfg = Release|x86
		{E3E4E200-B380-4207-9A7E-4C9421904502}.Release|ARM64.Build.0 = Release|x86
		{E3E4E200-B380-4207-9A7E-4C9421904502}.Release|x64.ActiveCfg = Release|x64
		{E3E4E200-B380-4207-9A7E-4C9421904502}.Release|x64.Build.0 = Release|x64
		{E3E4E200-B380-4207-9A7E-4C9421904502}.Release|x86.ActiveCfg = Release|x86
		{E3E4E200-B380-4207-9A7E-4C9421904502}.Release|x86.Build.0 = Release|x86
		{E1C4AB49-CFFF-420E-A182-E3028BD0493C}.Debug|ARM.ActiveCfg = Debug|ARM
		{E1C4AB49-CFFF-420E-A182-E3028BD0493C}.Debug|ARM.Build.0 = Debug|ARM
		{E1C4AB49-CFFF-420E-A182-E3028BD0493C}.Debug|ARM.Deploy.0 = Debug|ARM
		{E1C4AB49-CFFF-420E-A182-E3028BD0493C}.Debug|ARM64.ActiveCfg = Debug|x86
		{E1C4AB49-CFFF-420E-A182-E3028BD0493C}.Debug|ARM64.Build.0 = Debug|x86
		{E1C4AB49-CFFF-420E-A182-E3028BD0493C}.Debug|ARM64.Deploy.0 = Debug|x86
		{E1C4AB49-CFFF-420E-A182-E3028BD0493C}.Debug|x64.ActiveCfg = Debug|x64
		{E1C4AB49-CFFF-420E-A182-E3028BD0493C}.Debug|x64.Build.0 = Debug|x64
		{E1C4AB49-CFFF-420E-A182-E3028BD0493C}.Debug|x64.Deploy.0 = Debug|x64
		{E1C4AB49-CFFF-420E-A182-E3028BD0493C}.Debug|x86.ActiveCfg = Debug|x86
		{E1C4AB49-CFFF-420E-A182-E3028BD0493C}.Debug|x86.Build.0 = Debug|x86
		{E1C4AB49-CFFF-420E-A182-E3028BD0493C}.Debug|x86.Deploy.0 = Debug|x86
		{E1C4AB49-CFFF-420E-A182-E3028BD0493C}.Release|ARM.ActiveCfg = Release|ARM
		{E1C4AB49-CFFF-420E-A182-E3028BD0493C}.Release|ARM.Build.0 = Release|ARM
		{E1C4AB49-CFFF-420E-A182-E3028BD0493C}.Release|ARM.Deploy.0 = Release|ARM
		{E1C4AB49-CFFF-420E-A182-E3028BD0493C}.Release|ARM64.ActiveCfg = Release|x86
		{E1C4AB49-CFFF-420E-A182-E3028BD0493C}.Release|ARM64.Build.0 = Release|x86
		{E1C4AB49-CFFF-420E-A182-E3028BD0493C}.Release|ARM64.Deploy.0 = Release|x86
		{E1C4AB49-CFFF-420E-A182-E3028BD0493C}.Release|x64.ActiveCfg = Release|x64
		{E1C4AB49-CFFF-420E-A182-E3028BD0493C}.Release|x64.Build.0 = Release|x64
		{E1C4AB49-CFFF-420E-A182-E3028BD0493C}.Release|x64.Deploy.0 = Release|x64
		{E1C4AB49-CFFF-420E-A182-E3028BD0493C}.Release|x86.ActiveCfg = Release|x86
		{E1C4AB49-CFFF-420E-A182-E3028BD0493C}.Release|x86.Build.0 = Release|x86
		{E1C4AB49-CFFF-420E-A182-E3028BD0493C}.Release|x86.Deploy.0 = Release|x86
		{0FE678BB-9F9B-4495-B777-F9B1E11DA20C}.Debug|ARM.ActiveCfg = Debug|ARM
		{0FE678BB-9F9B-4495-B777-F9B1E11DA20C}.Debug|ARM.Build.0 = Debug|ARM
		{0FE678BB-9F9B-4495-B777-F9B1E11DA20C}.Debug|ARM64.ActiveCfg = Debug|x86
		{0FE678BB-9F9B-4495-B777-F9B1E11DA20C}.Debug|ARM64.Build.0 = Debug|x86
		{0FE678BB-9F9B-4495-B777-F9B1E11DA20C}.Debug|x64.ActiveCfg = Debug|x64
		{0FE678BB-9F9B-4495-B777-F9B1E11DA20C}.Debug|x64.Build.0 = Debug|x64
		{0FE678BB-9F9B-4495-B777-F9B1E11DA20C}.Debug|x86.ActiveCfg = Debug|x86
		{0FE678BB-9F9B-4495-B777-F9B1E11DA20C}.Debug|x86.Build.0 = Debug|x86
		{0FE678BB-9F9B-4495-B777-F9B1E11DA20C}.Release|ARM.ActiveCfg = Release|ARM
		{0FE678BB-9F9B-4495-B777-F9B1E11DA20C}.Release|ARM.Build.0 = Release|ARM
		{0FE678BB-9F9B-4495-B777-F9B1E11DA20C}.Release|ARM64.ActiveCfg = Release|x86
		{0FE678BB-9F9B-4495-B777-F9B1E11DA20C}.Release|ARM64.Build.0 = Release|x86
		{0FE678BB-9F9B-4495-B777-F9B1E11DA20C}.Release|x64.ActiveCfg = Release|x64
		{0FE678BB-9F9B-4495-B777-F9B1E11DA20C}.Release|x64.Build.0 = Release|x64
		{0FE678BB-9F9B-4495-B777-F9B1E11DA20C}.Release|x86.ActiveCfg = Release|x86
		{0FE678BB-9F9B-4495-B777-F9B1E11DA20C}.Release|x86.Build.0 = Release|x86
		{61AAE058-5FB6-43C2-BFD2-7B5D8128EF58}.Debug|ARM.ActiveCfg = Debug|x86
		{61AAE058-5FB6-43C2-BFD2-7B5D8128EF58}.Debug|ARM.Build.0 = Debug|x86
		{61AAE058-5FB6-43C2-BFD2-7B5D8128EF58}.Debug|ARM64.ActiveCfg = Debug|x86
		{61AAE058-5FB6-43C2-BFD2-7B5D8128EF58}.Debug|ARM64.Build.0 = Debug|x86
		{61AAE058-5FB6-43C2-BFD2-7B5D8128EF58}.Debug|x64.ActiveCfg = Debug|x64
		{61AAE058-5FB6-43C2-BFD2-7B5D8128EF58}.Debug|x64.Build.0 = Debug|x64
		{61AAE058-5FB6-43C2-BFD2-7B5D8128EF58}.Debug|x86.ActiveCfg = Debug|x86
		{61AAE058-5FB6-43C2-BFD2-7B5D8128EF58}.Debug|x86.Build.0 = Debug|x86
		{61AAE058-5FB6-43C2-BFD2-7B5D8128EF58}.Release|ARM.ActiveCfg = Release|x86
		{61AAE058-5FB6-43C2-BFD2-7B5D8128EF58}.Release|ARM.Build.0 = Release|x86
		{61AAE058-5FB6-43C2-BFD2-7B5D8128EF58}.Release|ARM64.ActiveCfg = Release|x86
		{61AAE058-5FB6-43C2-BFD2-7B5D8128EF58}.Release|ARM64.Build.0 = Release|x86
		{61AAE058-5FB6-43C2-BFD2-7B5D8128EF58}.Release|x64.ActiveCfg = Release|x64
		{61AAE058-5FB6-43C2-BFD2-7B5D8128EF58}.Release|x64.Build.0 = Release|x64
		{61AAE058-5FB6-43C2-BFD2-7B5D8128EF58}.Release|x86.ActiveCfg = Release|x86
		{61AAE058-5FB6-43C2-BFD2-7B5D8128EF58}.Release|x86.Build.0 = Release|x86
		{CCBCAEFE-B245-413A-9C37-A21CE99EECB9}.Debug|ARM.ActiveCfg = Debug|Any CPU
		{CCBCAEFE-B245-413A-9C37-A21CE99EECB9}.Debug|ARM.Build.0 = Debug|Any CPU
		{CCBCAEFE-B245-413A-9C37-A21CE99EECB9}.Debug|ARM64.ActiveCfg = Debug|Any CPU
		{CCBCAEFE-B245-413A-9C37-A21CE99EECB9}.Debug|ARM64.Build.0 = Debug|Any CPU
		{CCBCAEFE-B245-413A-9C37-A21CE99EECB9}.Debug|x64.ActiveCfg = Debug|Any CPU
		{CCBCAEFE-B245-413A-9C37-A21CE99EECB9}.Debug|x64.Build.0 = Debug|Any CPU
		{CCBCAEFE-B245-413A-9C37-A21CE99EECB9}.Debug|x86.ActiveCfg = Debug|Any CPU
		{CCBCAEFE-B245-413A-9C37-A21CE99EECB9}.Debug|x86.Build.0 = Debug|Any CPU
		{CCBCAEFE-B245-413A-9C37-A21CE99EECB9}.Release|ARM.ActiveCfg = Release|Any CPU
		{CCBCAEFE-B245-413A-9C37-A21CE99EECB9}.Release|ARM.Build.0 = Release|Any CPU
		{CCBCAEFE-B245-413A-9C37-A21CE99EECB9}.Release|ARM64.ActiveCfg = Release|Any CPU
		{CCBCAEFE-B245-413A-9C37-A21CE99EECB9}.Release|ARM64.Build.0 = Release|Any CPU
		{CCBCAEFE-B245-413A-9C37-A21CE99EECB9}.Release|x64.ActiveCfg = Release|Any CPU
		{CCBCAEFE-B245-413A-9C37-A21CE99EECB9}.Release|x64.Build.0 = Release|Any CPU
		{CCBCAEFE-B245-413A-9C37-A21CE99EECB9}.Release|x86.ActiveCfg = Release|Any CPU
		{CCBCAEFE-B245-413A-9C37-A21CE99EECB9}.Release|x86.Build.0 = Release|Any CPU
	EndGlobalSection
	GlobalSection(SolutionProperties) = preSolution
		HideSolutionNode = FALSE
	EndGlobalSection
	GlobalSection(NestedProjects) = preSolution
		{93B72B9C-08BA-4838-9163-3ED67EC3EB9F} = {2C2B8C64-7BA1-4244-86E1-48CA7D85D7D9}
		{361DB7BC-BE7B-41A2-A29A-978A9E3B4AA7} = {2C2B8C64-7BA1-4244-86E1-48CA7D85D7D9}
		{E3E4E200-B380-4207-9A7E-4C9421904502} = {93B72B9C-08BA-4838-9163-3ED67EC3EB9F}
		{EE2227BC-954E-4053-AE38-4AE7A391AEEA} = {2C2B8C64-7BA1-4244-86E1-48CA7D85D7D9}
		{E1C4AB49-CFFF-420E-A182-E3028BD0493C} = {F8A9E843-7AC1-414A-8F27-A8F416D2D489}
		{0FE678BB-9F9B-4495-B777-F9B1E11DA20C} = {93B72B9C-08BA-4838-9163-3ED67EC3EB9F}
		{61AAE058-5FB6-43C2-BFD2-7B5D8128EF58} = {93B72B9C-08BA-4838-9163-3ED67EC3EB9F}
		{CCBCAEFE-B245-413A-9C37-A21CE99EECB9} = {EE2227BC-954E-4053-AE38-4AE7A391AEEA}
	EndGlobalSection
	GlobalSection(ExtensibilityGlobals) = postSolution
		SolutionGuid = {78B10789-385B-4F7D-8E06-D86143CD76B5}
	EndGlobalSection
EndGlobal
