
Microsoft Visual Studio Solution File, Format Version 12.00
# Visual Studio Version 17
VisualStudioVersion = 17.4.33122.133
MinimumVisualStudioVersion = 10.0.40219.1
Project("{2150E333-8FDC-42A3-9474-1A3956D46DE8}") = "build", "build", "{0AC87D9B-BBEC-4DCE-A9D4-82A159E5E7C1}"
EndProject
Project("{2150E333-8FDC-42A3-9474-1A3956D46DE8}") = "app", "app", "{C85D2D7C-3D69-482A-8AB6-BCA934220EC0}"
EndProject
Project("{2150E333-8FDC-42A3-9474-1A3956D46DE8}") = "dev", "dev", "{B20E4027-0777-4A75-A848-609594E9A6B0}"
	ProjectSection(SolutionItems) = preProject
		app\dev\Directory.Build.props = app\dev\Directory.Build.props
		app\dev\Directory.Build.targets = app\dev\Directory.Build.targets
	EndProjectSection
EndProject
Project("{2150E333-8FDC-42A3-9474-1A3956D46DE8}") = "tests", "tests", "{4C40BF47-315A-4B60-9ED6-8D65B5E79C2C}"
EndProject
Project("{2150E333-8FDC-42A3-9474-1A3956D46DE8}") = "platforms", "platforms", "{3D2285D5-0E44-4B1A-9B74-2BBE3108D5B7}"
EndProject
Project("{2150E333-8FDC-42A3-9474-1A3956D46DE8}") = "shared", "shared", "{9771D1F8-D331-4B26-8E96-6024893009F4}"
	ProjectSection(SolutionItems) = preProject
		app\dev\shared\GlobalUsings.cs = app\dev\shared\GlobalUsings.cs
		app\dev\shared\SharedAssemblyInfo.cs = app\dev\shared\SharedAssemblyInfo.cs
		app\dev\shared\SharedAssemblyVersion.cs = app\dev\shared\SharedAssemblyVersion.cs
	EndProjectSection
EndProject
Project("{2150E333-8FDC-42A3-9474-1A3956D46DE8}") = "Solution Items", "Solution Items", "{97141F3A-C655-4140-B09B-466DDC14F870}"
	ProjectSection(SolutionItems) = preProject
		.editorconfig = .editorconfig
		Directory.Build.props = Directory.Build.props
		Directory.Build.targets = Directory.Build.targets
		Directory.Packages.props = Directory.Packages.props
		Environment.props = Environment.props
	EndProjectSection
EndProject
Project("{2150E333-8FDC-42A3-9474-1A3956D46DE8}") = "desktops", "desktops", "{22EE9386-CEFA-47D8-97B2-09A63EDF7F2E}"
EndProject
Project("{2150E333-8FDC-42A3-9474-1A3956D46DE8}") = "windows", "windows", "{AFE37797-0A43-4838-8C1E-4D2D1446499C}"
EndProject
Project("{2150E333-8FDC-42A3-9474-1A3956D46DE8}") = "web", "web", "{04F9E03E-B519-49C5-BC6A-2131ED9BADC0}"
EndProject
Project("{C7167F0D-BC9F-4E6E-AFE1-012C56B48DB5}") = "DevToys.Windows", "app\dev\platforms\desktop\windows\DevToys.Windows\DevToys.Windows.wapproj", "{34D966D5-5756-4192-B4AB-44AD6FF07CC5}"
EndProject
Project("{FAE04EC0-301F-11D3-BF4B-00C04F79EFBC}") = "DevToys.Windows.Core", "app\dev\platforms\desktop\windows\DevToys.Windows.Core\DevToys.Windows.Core.csproj", "{97AA45F4-41E2-4FDA-B5B7-F4579DF2C7EE}"
EndProject
Project("{9A19103F-16F7-4668-BE54-9A1E7A4F7556}") = "DevToys.CLI", "app\dev\platforms\desktop\DevToys.CLI\DevToys.CLI.csproj", "{8C72D38A-658D-4C9D-B0AD-2DA975BE7826}"
EndProject
Project("{9A19103F-16F7-4668-BE54-9A1E7A4F7556}") = "_build", "build\_build.csproj", "{745FD4CA-84CC-45D8-A3E2-814A0B9C16C4}"
EndProject
Project("{9A19103F-16F7-4668-BE54-9A1E7A4F7556}") = "DevToys.Api", "app\dev\DevToys.Api\DevToys.Api.csproj", "{89A4D88F-5AC0-436A-8EC5-8E98728CA89E}"
EndProject
Project("{9A19103F-16F7-4668-BE54-9A1E7A4F7556}") = "DevToys.UnitTests", "app\tests\DevToys.UnitTests\DevToys.UnitTests.csproj", "{CCAB7530-4341-4C24-B4E8-28679BB6C4FB}"
EndProject
Project("{9A19103F-16F7-4668-BE54-9A1E7A4F7556}") = "DevToys.Tools", "app\dev\DevToys.Tools\DevToys.Tools.csproj", "{B6D48157-5257-4B60-B065-3B231B610A54}"
EndProject
Project("{9A19103F-16F7-4668-BE54-9A1E7A4F7556}") = "DevToys.Core", "app\dev\DevToys.Core\DevToys.Core.csproj", "{A730FA8A-3713-4F7A-915D-79098CA12DF0}"
EndProject
Project("{9A19103F-16F7-4668-BE54-9A1E7A4F7556}") = "DevToys.UI.Framework", "app\dev\DevToys.UI.Framework\DevToys.UI.Framework.csproj", "{723A3D71-2425-49EE-B669-1A0DF3A8B486}"
EndProject
Project("{9A19103F-16F7-4668-BE54-9A1E7A4F7556}") = "DevToys.UI", "app\dev\DevToys.UI\DevToys.UI.csproj", "{104F1E4B-E0D3-4D87-9DA0-3FE82FE2573A}"
EndProject
Project("{D954291E-2A0B-460D-934E-DC6B0785DB48}") = "DevToys.UI.EntryPoint", "app\dev\DevToys.UI.EntryPoint\DevToys.UI.EntryPoint.shproj", "{93E31B7F-903D-4F24-B30D-220489242866}"
EndProject
Project("{9A19103F-16F7-4668-BE54-9A1E7A4F7556}") = "DevToys.MonacoEditor", "app\dev\DevToys.MonacoEditor\DevToys.MonacoEditor.csproj", "{CDD8B469-ACA6-4A7D-91A0-66ADB0563AE8}"
EndProject
Project("{9A19103F-16F7-4668-BE54-9A1E7A4F7556}") = "DevToys.Wasm", "app\dev\platforms\web\DevToys.Wasm\DevToys.Wasm.csproj", "{9E59352A-836D-47DE-AB02-F404A8345242}"
EndProject
Global
	GlobalSection(SolutionConfigurationPlatforms) = preSolution
		Debug|AnyCPU = Debug|AnyCPU
		Debug|ARM64 = Debug|ARM64
		Debug|x64 = Debug|x64
		Debug|x86 = Debug|x86
		Release|AnyCPU = Release|AnyCPU
		Release|ARM64 = Release|ARM64
		Release|x64 = Release|x64
		Release|x86 = Release|x86
	EndGlobalSection
	GlobalSection(ProjectConfigurationPlatforms) = postSolution
		{34D966D5-5756-4192-B4AB-44AD6FF07CC5}.Debug|AnyCPU.ActiveCfg = Debug|x86
		{34D966D5-5756-4192-B4AB-44AD6FF07CC5}.Debug|AnyCPU.Build.0 = Debug|x86
		{34D966D5-5756-4192-B4AB-44AD6FF07CC5}.Debug|AnyCPU.Deploy.0 = Debug|x86
		{34D966D5-5756-4192-B4AB-44AD6FF07CC5}.Debug|ARM64.ActiveCfg = Debug|ARM64
		{34D966D5-5756-4192-B4AB-44AD6FF07CC5}.Debug|ARM64.Build.0 = Debug|ARM64
		{34D966D5-5756-4192-B4AB-44AD6FF07CC5}.Debug|ARM64.Deploy.0 = Debug|ARM64
		{34D966D5-5756-4192-B4AB-44AD6FF07CC5}.Debug|x64.ActiveCfg = Debug|x64
		{34D966D5-5756-4192-B4AB-44AD6FF07CC5}.Debug|x64.Build.0 = Debug|x64
		{34D966D5-5756-4192-B4AB-44AD6FF07CC5}.Debug|x64.Deploy.0 = Debug|x64
		{34D966D5-5756-4192-B4AB-44AD6FF07CC5}.Debug|x86.ActiveCfg = Debug|x86
		{34D966D5-5756-4192-B4AB-44AD6FF07CC5}.Debug|x86.Build.0 = Debug|x86
		{34D966D5-5756-4192-B4AB-44AD6FF07CC5}.Debug|x86.Deploy.0 = Debug|x86
		{34D966D5-5756-4192-B4AB-44AD6FF07CC5}.Release|AnyCPU.ActiveCfg = Release|x86
		{34D966D5-5756-4192-B4AB-44AD6FF07CC5}.Release|AnyCPU.Build.0 = Release|x86
		{34D966D5-5756-4192-B4AB-44AD6FF07CC5}.Release|AnyCPU.Deploy.0 = Release|x86
		{34D966D5-5756-4192-B4AB-44AD6FF07CC5}.Release|ARM64.ActiveCfg = Release|ARM64
		{34D966D5-5756-4192-B4AB-44AD6FF07CC5}.Release|ARM64.Build.0 = Release|ARM64
		{34D966D5-5756-4192-B4AB-44AD6FF07CC5}.Release|ARM64.Deploy.0 = Release|ARM64
		{34D966D5-5756-4192-B4AB-44AD6FF07CC5}.Release|x64.ActiveCfg = Release|x64
		{34D966D5-5756-4192-B4AB-44AD6FF07CC5}.Release|x64.Build.0 = Release|x64
		{34D966D5-5756-4192-B4AB-44AD6FF07CC5}.Release|x64.Deploy.0 = Release|x64
		{34D966D5-5756-4192-B4AB-44AD6FF07CC5}.Release|x86.ActiveCfg = Release|x86
		{34D966D5-5756-4192-B4AB-44AD6FF07CC5}.Release|x86.Build.0 = Release|x86
		{34D966D5-5756-4192-B4AB-44AD6FF07CC5}.Release|x86.Deploy.0 = Release|x86
		{97AA45F4-41E2-4FDA-B5B7-F4579DF2C7EE}.Debug|AnyCPU.ActiveCfg = Debug|x86
		{97AA45F4-41E2-4FDA-B5B7-F4579DF2C7EE}.Debug|AnyCPU.Build.0 = Debug|x86
		{97AA45F4-41E2-4FDA-B5B7-F4579DF2C7EE}.Debug|ARM64.ActiveCfg = Debug|arm64
		{97AA45F4-41E2-4FDA-B5B7-F4579DF2C7EE}.Debug|ARM64.Build.0 = Debug|arm64
		{97AA45F4-41E2-4FDA-B5B7-F4579DF2C7EE}.Debug|x64.ActiveCfg = Debug|x64
		{97AA45F4-41E2-4FDA-B5B7-F4579DF2C7EE}.Debug|x64.Build.0 = Debug|x64
		{97AA45F4-41E2-4FDA-B5B7-F4579DF2C7EE}.Debug|x86.ActiveCfg = Debug|x86
		{97AA45F4-41E2-4FDA-B5B7-F4579DF2C7EE}.Debug|x86.Build.0 = Debug|x86
		{97AA45F4-41E2-4FDA-B5B7-F4579DF2C7EE}.Release|AnyCPU.ActiveCfg = Release|x86
		{97AA45F4-41E2-4FDA-B5B7-F4579DF2C7EE}.Release|AnyCPU.Build.0 = Release|x86
		{97AA45F4-41E2-4FDA-B5B7-F4579DF2C7EE}.Release|ARM64.ActiveCfg = Release|arm64
		{97AA45F4-41E2-4FDA-B5B7-F4579DF2C7EE}.Release|ARM64.Build.0 = Release|arm64
		{97AA45F4-41E2-4FDA-B5B7-F4579DF2C7EE}.Release|x64.ActiveCfg = Release|x64
		{97AA45F4-41E2-4FDA-B5B7-F4579DF2C7EE}.Release|x64.Build.0 = Release|x64
		{97AA45F4-41E2-4FDA-B5B7-F4579DF2C7EE}.Release|x86.ActiveCfg = Release|x86
		{97AA45F4-41E2-4FDA-B5B7-F4579DF2C7EE}.Release|x86.Build.0 = Release|x86
		{8C72D38A-658D-4C9D-B0AD-2DA975BE7826}.Debug|AnyCPU.ActiveCfg = Debug|Any CPU
		{8C72D38A-658D-4C9D-B0AD-2DA975BE7826}.Debug|AnyCPU.Build.0 = Debug|Any CPU
		{8C72D38A-658D-4C9D-B0AD-2DA975BE7826}.Debug|ARM64.ActiveCfg = Debug|Any CPU
		{8C72D38A-658D-4C9D-B0AD-2DA975BE7826}.Debug|ARM64.Build.0 = Debug|Any CPU
		{8C72D38A-658D-4C9D-B0AD-2DA975BE7826}.Debug|x64.ActiveCfg = Debug|Any CPU
		{8C72D38A-658D-4C9D-B0AD-2DA975BE7826}.Debug|x64.Build.0 = Debug|Any CPU
		{8C72D38A-658D-4C9D-B0AD-2DA975BE7826}.Debug|x86.ActiveCfg = Debug|Any CPU
		{8C72D38A-658D-4C9D-B0AD-2DA975BE7826}.Debug|x86.Build.0 = Debug|Any CPU
		{8C72D38A-658D-4C9D-B0AD-2DA975BE7826}.Release|AnyCPU.ActiveCfg = Release|Any CPU
		{8C72D38A-658D-4C9D-B0AD-2DA975BE7826}.Release|AnyCPU.Build.0 = Release|Any CPU
		{8C72D38A-658D-4C9D-B0AD-2DA975BE7826}.Release|ARM64.ActiveCfg = Release|Any CPU
		{8C72D38A-658D-4C9D-B0AD-2DA975BE7826}.Release|ARM64.Build.0 = Release|Any CPU
		{8C72D38A-658D-4C9D-B0AD-2DA975BE7826}.Release|x64.ActiveCfg = Release|Any CPU
		{8C72D38A-658D-4C9D-B0AD-2DA975BE7826}.Release|x64.Build.0 = Release|Any CPU
		{8C72D38A-658D-4C9D-B0AD-2DA975BE7826}.Release|x86.ActiveCfg = Release|Any CPU
		{8C72D38A-658D-4C9D-B0AD-2DA975BE7826}.Release|x86.Build.0 = Release|Any CPU
		{745FD4CA-84CC-45D8-A3E2-814A0B9C16C4}.Debug|AnyCPU.ActiveCfg = Debug|Any CPU
		{745FD4CA-84CC-45D8-A3E2-814A0B9C16C4}.Debug|AnyCPU.Build.0 = Debug|Any CPU
		{745FD4CA-84CC-45D8-A3E2-814A0B9C16C4}.Debug|ARM64.ActiveCfg = Debug|Any CPU
		{745FD4CA-84CC-45D8-A3E2-814A0B9C16C4}.Debug|ARM64.Build.0 = Debug|Any CPU
		{745FD4CA-84CC-45D8-A3E2-814A0B9C16C4}.Debug|x64.ActiveCfg = Debug|Any CPU
		{745FD4CA-84CC-45D8-A3E2-814A0B9C16C4}.Debug|x64.Build.0 = Debug|Any CPU
		{745FD4CA-84CC-45D8-A3E2-814A0B9C16C4}.Debug|x86.ActiveCfg = Debug|Any CPU
		{745FD4CA-84CC-45D8-A3E2-814A0B9C16C4}.Debug|x86.Build.0 = Debug|Any CPU
		{745FD4CA-84CC-45D8-A3E2-814A0B9C16C4}.Release|AnyCPU.ActiveCfg = Release|Any CPU
		{745FD4CA-84CC-45D8-A3E2-814A0B9C16C4}.Release|AnyCPU.Build.0 = Release|Any CPU
		{745FD4CA-84CC-45D8-A3E2-814A0B9C16C4}.Release|ARM64.ActiveCfg = Release|Any CPU
		{745FD4CA-84CC-45D8-A3E2-814A0B9C16C4}.Release|ARM64.Build.0 = Release|Any CPU
		{745FD4CA-84CC-45D8-A3E2-814A0B9C16C4}.Release|x64.ActiveCfg = Release|Any CPU
		{745FD4CA-84CC-45D8-A3E2-814A0B9C16C4}.Release|x64.Build.0 = Release|Any CPU
		{745FD4CA-84CC-45D8-A3E2-814A0B9C16C4}.Release|x86.ActiveCfg = Release|Any CPU
		{745FD4CA-84CC-45D8-A3E2-814A0B9C16C4}.Release|x86.Build.0 = Release|Any CPU
		{89A4D88F-5AC0-436A-8EC5-8E98728CA89E}.Debug|AnyCPU.ActiveCfg = Debug|Any CPU
		{89A4D88F-5AC0-436A-8EC5-8E98728CA89E}.Debug|AnyCPU.Build.0 = Debug|Any CPU
		{89A4D88F-5AC0-436A-8EC5-8E98728CA89E}.Debug|ARM64.ActiveCfg = Debug|Any CPU
		{89A4D88F-5AC0-436A-8EC5-8E98728CA89E}.Debug|ARM64.Build.0 = Debug|Any CPU
		{89A4D88F-5AC0-436A-8EC5-8E98728CA89E}.Debug|x64.ActiveCfg = Debug|Any CPU
		{89A4D88F-5AC0-436A-8EC5-8E98728CA89E}.Debug|x64.Build.0 = Debug|Any CPU
		{89A4D88F-5AC0-436A-8EC5-8E98728CA89E}.Debug|x86.ActiveCfg = Debug|Any CPU
		{89A4D88F-5AC0-436A-8EC5-8E98728CA89E}.Debug|x86.Build.0 = Debug|Any CPU
		{89A4D88F-5AC0-436A-8EC5-8E98728CA89E}.Release|AnyCPU.ActiveCfg = Release|Any CPU
		{89A4D88F-5AC0-436A-8EC5-8E98728CA89E}.Release|AnyCPU.Build.0 = Release|Any CPU
		{89A4D88F-5AC0-436A-8EC5-8E98728CA89E}.Release|ARM64.ActiveCfg = Release|Any CPU
		{89A4D88F-5AC0-436A-8EC5-8E98728CA89E}.Release|ARM64.Build.0 = Release|Any CPU
		{89A4D88F-5AC0-436A-8EC5-8E98728CA89E}.Release|x64.ActiveCfg = Release|Any CPU
		{89A4D88F-5AC0-436A-8EC5-8E98728CA89E}.Release|x64.Build.0 = Release|Any CPU
		{89A4D88F-5AC0-436A-8EC5-8E98728CA89E}.Release|x86.ActiveCfg = Release|Any CPU
		{89A4D88F-5AC0-436A-8EC5-8E98728CA89E}.Release|x86.Build.0 = Release|Any CPU
		{CCAB7530-4341-4C24-B4E8-28679BB6C4FB}.Debug|AnyCPU.ActiveCfg = Debug|Any CPU
		{CCAB7530-4341-4C24-B4E8-28679BB6C4FB}.Debug|AnyCPU.Build.0 = Debug|Any CPU
		{CCAB7530-4341-4C24-B4E8-28679BB6C4FB}.Debug|ARM64.ActiveCfg = Debug|Any CPU
		{CCAB7530-4341-4C24-B4E8-28679BB6C4FB}.Debug|ARM64.Build.0 = Debug|Any CPU
		{CCAB7530-4341-4C24-B4E8-28679BB6C4FB}.Debug|x64.ActiveCfg = Debug|Any CPU
		{CCAB7530-4341-4C24-B4E8-28679BB6C4FB}.Debug|x64.Build.0 = Debug|Any CPU
		{CCAB7530-4341-4C24-B4E8-28679BB6C4FB}.Debug|x86.ActiveCfg = Debug|Any CPU
		{CCAB7530-4341-4C24-B4E8-28679BB6C4FB}.Debug|x86.Build.0 = Debug|Any CPU
		{CCAB7530-4341-4C24-B4E8-28679BB6C4FB}.Release|AnyCPU.ActiveCfg = Release|Any CPU
		{CCAB7530-4341-4C24-B4E8-28679BB6C4FB}.Release|AnyCPU.Build.0 = Release|Any CPU
		{CCAB7530-4341-4C24-B4E8-28679BB6C4FB}.Release|ARM64.ActiveCfg = Release|Any CPU
		{CCAB7530-4341-4C24-B4E8-28679BB6C4FB}.Release|ARM64.Build.0 = Release|Any CPU
		{CCAB7530-4341-4C24-B4E8-28679BB6C4FB}.Release|x64.ActiveCfg = Release|Any CPU
		{CCAB7530-4341-4C24-B4E8-28679BB6C4FB}.Release|x64.Build.0 = Release|Any CPU
		{CCAB7530-4341-4C24-B4E8-28679BB6C4FB}.Release|x86.ActiveCfg = Release|Any CPU
		{CCAB7530-4341-4C24-B4E8-28679BB6C4FB}.Release|x86.Build.0 = Release|Any CPU
		{B6D48157-5257-4B60-B065-3B231B610A54}.Debug|AnyCPU.ActiveCfg = Debug|Any CPU
		{B6D48157-5257-4B60-B065-3B231B610A54}.Debug|AnyCPU.Build.0 = Debug|Any CPU
		{B6D48157-5257-4B60-B065-3B231B610A54}.Debug|ARM64.ActiveCfg = Debug|Any CPU
		{B6D48157-5257-4B60-B065-3B231B610A54}.Debug|ARM64.Build.0 = Debug|Any CPU
		{B6D48157-5257-4B60-B065-3B231B610A54}.Debug|x64.ActiveCfg = Debug|Any CPU
		{B6D48157-5257-4B60-B065-3B231B610A54}.Debug|x64.Build.0 = Debug|Any CPU
		{B6D48157-5257-4B60-B065-3B231B610A54}.Debug|x86.ActiveCfg = Debug|Any CPU
		{B6D48157-5257-4B60-B065-3B231B610A54}.Debug|x86.Build.0 = Debug|Any CPU
		{B6D48157-5257-4B60-B065-3B231B610A54}.Release|AnyCPU.ActiveCfg = Release|Any CPU
		{B6D48157-5257-4B60-B065-3B231B610A54}.Release|AnyCPU.Build.0 = Release|Any CPU
		{B6D48157-5257-4B60-B065-3B231B610A54}.Release|ARM64.ActiveCfg = Release|Any CPU
		{B6D48157-5257-4B60-B065-3B231B610A54}.Release|ARM64.Build.0 = Release|Any CPU
		{B6D48157-5257-4B60-B065-3B231B610A54}.Release|x64.ActiveCfg = Release|Any CPU
		{B6D48157-5257-4B60-B065-3B231B610A54}.Release|x64.Build.0 = Release|Any CPU
		{B6D48157-5257-4B60-B065-3B231B610A54}.Release|x86.ActiveCfg = Release|Any CPU
		{B6D48157-5257-4B60-B065-3B231B610A54}.Release|x86.Build.0 = Release|Any CPU
		{A730FA8A-3713-4F7A-915D-79098CA12DF0}.Debug|AnyCPU.ActiveCfg = Debug|Any CPU
		{A730FA8A-3713-4F7A-915D-79098CA12DF0}.Debug|AnyCPU.Build.0 = Debug|Any CPU
		{A730FA8A-3713-4F7A-915D-79098CA12DF0}.Debug|ARM64.ActiveCfg = Debug|Any CPU
		{A730FA8A-3713-4F7A-915D-79098CA12DF0}.Debug|ARM64.Build.0 = Debug|Any CPU
		{A730FA8A-3713-4F7A-915D-79098CA12DF0}.Debug|x64.ActiveCfg = Debug|Any CPU
		{A730FA8A-3713-4F7A-915D-79098CA12DF0}.Debug|x64.Build.0 = Debug|Any CPU
		{A730FA8A-3713-4F7A-915D-79098CA12DF0}.Debug|x86.ActiveCfg = Debug|Any CPU
		{A730FA8A-3713-4F7A-915D-79098CA12DF0}.Debug|x86.Build.0 = Debug|Any CPU
		{A730FA8A-3713-4F7A-915D-79098CA12DF0}.Release|AnyCPU.ActiveCfg = Release|Any CPU
		{A730FA8A-3713-4F7A-915D-79098CA12DF0}.Release|AnyCPU.Build.0 = Release|Any CPU
		{A730FA8A-3713-4F7A-915D-79098CA12DF0}.Release|ARM64.ActiveCfg = Release|Any CPU
		{A730FA8A-3713-4F7A-915D-79098CA12DF0}.Release|ARM64.Build.0 = Release|Any CPU
		{A730FA8A-3713-4F7A-915D-79098CA12DF0}.Release|x64.ActiveCfg = Release|Any CPU
		{A730FA8A-3713-4F7A-915D-79098CA12DF0}.Release|x64.Build.0 = Release|Any CPU
		{A730FA8A-3713-4F7A-915D-79098CA12DF0}.Release|x86.ActiveCfg = Release|Any CPU
		{A730FA8A-3713-4F7A-915D-79098CA12DF0}.Release|x86.Build.0 = Release|Any CPU
		{723A3D71-2425-49EE-B669-1A0DF3A8B486}.Debug|AnyCPU.ActiveCfg = Debug|Any CPU
		{723A3D71-2425-49EE-B669-1A0DF3A8B486}.Debug|AnyCPU.Build.0 = Debug|Any CPU
		{723A3D71-2425-49EE-B669-1A0DF3A8B486}.Debug|ARM64.ActiveCfg = Debug|arm64
		{723A3D71-2425-49EE-B669-1A0DF3A8B486}.Debug|ARM64.Build.0 = Debug|arm64
		{723A3D71-2425-49EE-B669-1A0DF3A8B486}.Debug|x64.ActiveCfg = Debug|x64
		{723A3D71-2425-49EE-B669-1A0DF3A8B486}.Debug|x64.Build.0 = Debug|x64
		{723A3D71-2425-49EE-B669-1A0DF3A8B486}.Debug|x86.ActiveCfg = Debug|x86
		{723A3D71-2425-49EE-B669-1A0DF3A8B486}.Debug|x86.Build.0 = Debug|x86
		{723A3D71-2425-49EE-B669-1A0DF3A8B486}.Release|AnyCPU.ActiveCfg = Release|x86
		{723A3D71-2425-49EE-B669-1A0DF3A8B486}.Release|AnyCPU.Build.0 = Release|x86
		{723A3D71-2425-49EE-B669-1A0DF3A8B486}.Release|ARM64.ActiveCfg = Release|arm64
		{723A3D71-2425-49EE-B669-1A0DF3A8B486}.Release|ARM64.Build.0 = Release|arm64
		{723A3D71-2425-49EE-B669-1A0DF3A8B486}.Release|x64.ActiveCfg = Release|x64
		{723A3D71-2425-49EE-B669-1A0DF3A8B486}.Release|x64.Build.0 = Release|x64
		{723A3D71-2425-49EE-B669-1A0DF3A8B486}.Release|x86.ActiveCfg = Release|x86
		{723A3D71-2425-49EE-B669-1A0DF3A8B486}.Release|x86.Build.0 = Release|x86
		{104F1E4B-E0D3-4D87-9DA0-3FE82FE2573A}.Debug|AnyCPU.ActiveCfg = Debug|Any CPU
		{104F1E4B-E0D3-4D87-9DA0-3FE82FE2573A}.Debug|AnyCPU.Build.0 = Debug|Any CPU
		{104F1E4B-E0D3-4D87-9DA0-3FE82FE2573A}.Debug|ARM64.ActiveCfg = Debug|arm64
		{104F1E4B-E0D3-4D87-9DA0-3FE82FE2573A}.Debug|ARM64.Build.0 = Debug|arm64
		{104F1E4B-E0D3-4D87-9DA0-3FE82FE2573A}.Debug|x64.ActiveCfg = Debug|x64
		{104F1E4B-E0D3-4D87-9DA0-3FE82FE2573A}.Debug|x64.Build.0 = Debug|x64
		{104F1E4B-E0D3-4D87-9DA0-3FE82FE2573A}.Debug|x86.ActiveCfg = Debug|x86
		{104F1E4B-E0D3-4D87-9DA0-3FE82FE2573A}.Debug|x86.Build.0 = Debug|x86
		{104F1E4B-E0D3-4D87-9DA0-3FE82FE2573A}.Release|AnyCPU.ActiveCfg = Release|x86
		{104F1E4B-E0D3-4D87-9DA0-3FE82FE2573A}.Release|AnyCPU.Build.0 = Release|x86
		{104F1E4B-E0D3-4D87-9DA0-3FE82FE2573A}.Release|ARM64.ActiveCfg = Release|arm64
		{104F1E4B-E0D3-4D87-9DA0-3FE82FE2573A}.Release|ARM64.Build.0 = Release|arm64
		{104F1E4B-E0D3-4D87-9DA0-3FE82FE2573A}.Release|x64.ActiveCfg = Release|x64
		{104F1E4B-E0D3-4D87-9DA0-3FE82FE2573A}.Release|x64.Build.0 = Release|x64
		{104F1E4B-E0D3-4D87-9DA0-3FE82FE2573A}.Release|x86.ActiveCfg = Release|x86
		{104F1E4B-E0D3-4D87-9DA0-3FE82FE2573A}.Release|x86.Build.0 = Release|x86
		{CDD8B469-ACA6-4A7D-91A0-66ADB0563AE8}.Debug|AnyCPU.ActiveCfg = Debug|Any CPU
		{CDD8B469-ACA6-4A7D-91A0-66ADB0563AE8}.Debug|AnyCPU.Build.0 = Debug|Any CPU
		{CDD8B469-ACA6-4A7D-91A0-66ADB0563AE8}.Debug|ARM64.ActiveCfg = Debug|arm64
		{CDD8B469-ACA6-4A7D-91A0-66ADB0563AE8}.Debug|ARM64.Build.0 = Debug|arm64
		{CDD8B469-ACA6-4A7D-91A0-66ADB0563AE8}.Debug|x64.ActiveCfg = Debug|x64
		{CDD8B469-ACA6-4A7D-91A0-66ADB0563AE8}.Debug|x64.Build.0 = Debug|x64
		{CDD8B469-ACA6-4A7D-91A0-66ADB0563AE8}.Debug|x86.ActiveCfg = Debug|x86
		{CDD8B469-ACA6-4A7D-91A0-66ADB0563AE8}.Debug|x86.Build.0 = Debug|x86
		{CDD8B469-ACA6-4A7D-91A0-66ADB0563AE8}.Release|AnyCPU.ActiveCfg = Release|x86
		{CDD8B469-ACA6-4A7D-91A0-66ADB0563AE8}.Release|AnyCPU.Build.0 = Release|x86
		{CDD8B469-ACA6-4A7D-91A0-66ADB0563AE8}.Release|ARM64.ActiveCfg = Release|arm64
		{CDD8B469-ACA6-4A7D-91A0-66ADB0563AE8}.Release|ARM64.Build.0 = Release|arm64
		{CDD8B469-ACA6-4A7D-91A0-66ADB0563AE8}.Release|x64.ActiveCfg = Release|x64
		{CDD8B469-ACA6-4A7D-91A0-66ADB0563AE8}.Release|x64.Build.0 = Release|x64
		{CDD8B469-ACA6-4A7D-91A0-66ADB0563AE8}.Release|x86.ActiveCfg = Release|x86
		{CDD8B469-ACA6-4A7D-91A0-66ADB0563AE8}.Release|x86.Build.0 = Release|x86
		{9E59352A-836D-47DE-AB02-F404A8345242}.Debug|AnyCPU.ActiveCfg = Debug|Any CPU
		{9E59352A-836D-47DE-AB02-F404A8345242}.Debug|AnyCPU.Build.0 = Debug|Any CPU
		{9E59352A-836D-47DE-AB02-F404A8345242}.Debug|ARM64.ActiveCfg = Debug|Any CPU
		{9E59352A-836D-47DE-AB02-F404A8345242}.Debug|ARM64.Build.0 = Debug|Any CPU
		{9E59352A-836D-47DE-AB02-F404A8345242}.Debug|x64.ActiveCfg = Debug|Any CPU
		{9E59352A-836D-47DE-AB02-F404A8345242}.Debug|x64.Build.0 = Debug|Any CPU
		{9E59352A-836D-47DE-AB02-F404A8345242}.Debug|x86.ActiveCfg = Debug|Any CPU
		{9E59352A-836D-47DE-AB02-F404A8345242}.Debug|x86.Build.0 = Debug|Any CPU
		{9E59352A-836D-47DE-AB02-F404A8345242}.Release|AnyCPU.ActiveCfg = Release|Any CPU
		{9E59352A-836D-47DE-AB02-F404A8345242}.Release|AnyCPU.Build.0 = Release|Any CPU
		{9E59352A-836D-47DE-AB02-F404A8345242}.Release|ARM64.ActiveCfg = Release|Any CPU
		{9E59352A-836D-47DE-AB02-F404A8345242}.Release|ARM64.Build.0 = Release|Any CPU
		{9E59352A-836D-47DE-AB02-F404A8345242}.Release|x64.ActiveCfg = Release|Any CPU
		{9E59352A-836D-47DE-AB02-F404A8345242}.Release|x64.Build.0 = Release|Any CPU
		{9E59352A-836D-47DE-AB02-F404A8345242}.Release|x86.ActiveCfg = Release|Any CPU
		{9E59352A-836D-47DE-AB02-F404A8345242}.Release|x86.Build.0 = Release|Any CPU
	EndGlobalSection
	GlobalSection(SolutionProperties) = preSolution
		HideSolutionNode = FALSE
	EndGlobalSection
	GlobalSection(NestedProjects) = preSolution
		{B20E4027-0777-4A75-A848-609594E9A6B0} = {C85D2D7C-3D69-482A-8AB6-BCA934220EC0}
		{4C40BF47-315A-4B60-9ED6-8D65B5E79C2C} = {C85D2D7C-3D69-482A-8AB6-BCA934220EC0}
		{3D2285D5-0E44-4B1A-9B74-2BBE3108D5B7} = {B20E4027-0777-4A75-A848-609594E9A6B0}
		{9771D1F8-D331-4B26-8E96-6024893009F4} = {B20E4027-0777-4A75-A848-609594E9A6B0}
		{22EE9386-CEFA-47D8-97B2-09A63EDF7F2E} = {3D2285D5-0E44-4B1A-9B74-2BBE3108D5B7}
		{AFE37797-0A43-4838-8C1E-4D2D1446499C} = {22EE9386-CEFA-47D8-97B2-09A63EDF7F2E}
		{04F9E03E-B519-49C5-BC6A-2131ED9BADC0} = {3D2285D5-0E44-4B1A-9B74-2BBE3108D5B7}
		{34D966D5-5756-4192-B4AB-44AD6FF07CC5} = {AFE37797-0A43-4838-8C1E-4D2D1446499C}
		{97AA45F4-41E2-4FDA-B5B7-F4579DF2C7EE} = {AFE37797-0A43-4838-8C1E-4D2D1446499C}
		{8C72D38A-658D-4C9D-B0AD-2DA975BE7826} = {22EE9386-CEFA-47D8-97B2-09A63EDF7F2E}
		{745FD4CA-84CC-45D8-A3E2-814A0B9C16C4} = {0AC87D9B-BBEC-4DCE-A9D4-82A159E5E7C1}
		{89A4D88F-5AC0-436A-8EC5-8E98728CA89E} = {B20E4027-0777-4A75-A848-609594E9A6B0}
		{CCAB7530-4341-4C24-B4E8-28679BB6C4FB} = {4C40BF47-315A-4B60-9ED6-8D65B5E79C2C}
		{B6D48157-5257-4B60-B065-3B231B610A54} = {B20E4027-0777-4A75-A848-609594E9A6B0}
		{A730FA8A-3713-4F7A-915D-79098CA12DF0} = {B20E4027-0777-4A75-A848-609594E9A6B0}
		{723A3D71-2425-49EE-B669-1A0DF3A8B486} = {B20E4027-0777-4A75-A848-609594E9A6B0}
		{104F1E4B-E0D3-4D87-9DA0-3FE82FE2573A} = {B20E4027-0777-4A75-A848-609594E9A6B0}
		{93E31B7F-903D-4F24-B30D-220489242866} = {B20E4027-0777-4A75-A848-609594E9A6B0}
		{CDD8B469-ACA6-4A7D-91A0-66ADB0563AE8} = {B20E4027-0777-4A75-A848-609594E9A6B0}
		{9E59352A-836D-47DE-AB02-F404A8345242} = {04F9E03E-B519-49C5-BC6A-2131ED9BADC0}
	EndGlobalSection
	GlobalSection(ExtensibilityGlobals) = postSolution
		SolutionGuid = {C2C953F5-F97F-4198-B15C-4947A886050F}
	EndGlobalSection
	GlobalSection(SharedMSBuildProjectFiles) = preSolution
		app\dev\DevToys.UI.EntryPoint\DevToys.UI.EntryPoint.projitems*{93e31b7f-903d-4f24-b30d-220489242866}*SharedItemsImports = 13
		app\dev\DevToys.UI.EntryPoint\DevToys.UI.EntryPoint.projitems*{97aa45f4-41e2-4fda-b5b7-f4579df2c7ee}*SharedItemsImports = 4
		app\dev\DevToys.UI.EntryPoint\DevToys.UI.EntryPoint.projitems*{9e59352a-836d-47de-ab02-f404a8345242}*SharedItemsImports = 5
	EndGlobalSection
EndGlobal
